
Microsoft Visual Studio Solution File, Format Version 12.00
# Visual Studio Version 16
VisualStudioVersion = 16.0.33328.57
MinimumVisualStudioVersion = 10.0.40219.1
Project("{FAE04EC0-301F-11D3-BF4B-00C04F79EFBC}") = "fc-dashboard-api", "fc-dashboard-api\fc-dashboard-api.csproj", "{EAD33F93-66E3-4D04-8DA2-118DEBAF74CF}"
EndProject
Global
	GlobalSection(SolutionConfigurationPlatforms) = preSolution
		Debug|Any CPU = Debug|Any CPU
		Release|Any CPU = Release|Any CPU
	EndGlobalSection
	GlobalSection(ProjectConfigurationPlatforms) = postSolution
		{EAD33F93-66E3-4D04-8DA2-118DEBAF74CF}.Debug|Any CPU.ActiveCfg = Debug|Any CPU
		{EAD33F93-66E3-4D04-8DA2-118DEBAF74CF}.Debug|Any CPU.Build.0 = Debug|Any CPU
		{EAD33F93-66E3-4D04-8DA2-118DEBAF74CF}.Release|Any CPU.ActiveCfg = Release|Any CPU
		{EAD33F93-66E3-4D04-8DA2-118DEBAF74CF}.Release|Any CPU.Build.0 = Release|Any CPU
	EndGlobalSection
	GlobalSection(SolutionProperties) = preSolution
		HideSolutionNode = FALSE
	EndGlobalSection
	GlobalSection(ExtensibilityGlobals) = postSolution
		SolutionGuid = {5CD7FA1B-4CE1-4917-BDE1-89485F6A1B17}
	EndGlobalSection
EndGlobal
